
Microsoft Visual Studio Solution File, Format Version 12.00
# Visual Studio Version 17
VisualStudioVersion = 17.5.002.0
MinimumVisualStudioVersion = 10.0.40219.1
Project("{9A19103F-16F7-4668-BE54-9A1E7A4F7556}") = "trilha-net-azure-desafio", "trilha-net-azure-desafio.csproj", "{2F61DAC6-1198-4160-9B67-698CA159CF70}"
EndProject
Global
	GlobalSection(SolutionConfigurationPlatforms) = preSolution
		Debug|Any CPU = Debug|Any CPU
		Release|Any CPU = Release|Any CPU
	EndGlobalSection
	GlobalSection(ProjectConfigurationPlatforms) = postSolution
		{2F61DAC6-1198-4160-9B67-698CA159CF70}.Debug|Any CPU.ActiveCfg = Debug|Any CPU
		{2F61DAC6-1198-4160-9B67-698CA159CF70}.Debug|Any CPU.Build.0 = Debug|Any CPU
		{2F61DAC6-1198-4160-9B67-698CA159CF70}.Release|Any CPU.ActiveCfg = Release|Any CPU
		{2F61DAC6-1198-4160-9B67-698CA159CF70}.Release|Any CPU.Build.0 = Release|Any CPU
	EndGlobalSection
	GlobalSection(SolutionProperties) = preSolution
		HideSolutionNode = FALSE
	EndGlobalSection
	GlobalSection(ExtensibilityGlobals) = postSolution
		SolutionGuid = {7980AB86-7915-4933-85A9-FC46D8C834E9}
	EndGlobalSection
EndGlobal
